
Microsoft Visual Studio Solution File, Format Version 12.00
# Visual Studio 15
VisualStudioVersion = 15.0.27703.2026
MinimumVisualStudioVersion = 10.0.40219.1
Project("{FAE04EC0-301F-11D3-BF4B-00C04F79EFBC}") = "Payslip_POC", "Payslip_POC\Payslip_POC.csproj", "{881DC75C-0D70-4E69-A38F-BFC491DF675D}"
EndProject
Project("{FAE04EC0-301F-11D3-BF4B-00C04F79EFBC}") = "BusinessLayer", "BusinessLayer\BusinessLayer.csproj", "{D579D009-2B93-4594-837B-BD54E8493AA0}"
EndProject
Project("{FAE04EC0-301F-11D3-BF4B-00C04F79EFBC}") = "Common", "Common\Common.csproj", "{4747676D-4566-4BED-A3DC-DB756356CCF8}"
EndProject
Project("{FAE04EC0-301F-11D3-BF4B-00C04F79EFBC}") = "Payslip.Test", "Payslip.Test\Payslip.Test.csproj", "{9CAB9E60-C498-45E2-A2B2-2D3BA30E1A6E}"
EndProject
Global
	GlobalSection(SolutionConfigurationPlatforms) = preSolution
		Debug|Any CPU = Debug|Any CPU
		Release|Any CPU = Release|Any CPU
	EndGlobalSection
	GlobalSection(ProjectConfigurationPlatforms) = postSolution
		{881DC75C-0D70-4E69-A38F-BFC491DF675D}.Debug|Any CPU.ActiveCfg = Debug|Any CPU
		{881DC75C-0D70-4E69-A38F-BFC491DF675D}.Debug|Any CPU.Build.0 = Debug|Any CPU
		{881DC75C-0D70-4E69-A38F-BFC491DF675D}.Release|Any CPU.ActiveCfg = Release|Any CPU
		{881DC75C-0D70-4E69-A38F-BFC491DF675D}.Release|Any CPU.Build.0 = Release|Any CPU
		{D579D009-2B93-4594-837B-BD54E8493AA0}.Debug|Any CPU.ActiveCfg = Debug|Any CPU
		{D579D009-2B93-4594-837B-BD54E8493AA0}.Debug|Any CPU.Build.0 = Debug|Any CPU
		{D579D009-2B93-4594-837B-BD54E8493AA0}.Release|Any CPU.ActiveCfg = Release|Any CPU
		{D579D009-2B93-4594-837B-BD54E8493AA0}.Release|Any CPU.Build.0 = Release|Any CPU
		{4747676D-4566-4BED-A3DC-DB756356CCF8}.Debug|Any CPU.ActiveCfg = Debug|Any CPU
		{4747676D-4566-4BED-A3DC-DB756356CCF8}.Debug|Any CPU.Build.0 = Debug|Any CPU
		{4747676D-4566-4BED-A3DC-DB756356CCF8}.Release|Any CPU.ActiveCfg = Release|Any CPU
		{4747676D-4566-4BED-A3DC-DB756356CCF8}.Release|Any CPU.Build.0 = Release|Any CPU
		{9CAB9E60-C498-45E2-A2B2-2D3BA30E1A6E}.Debug|Any CPU.ActiveCfg = Debug|Any CPU
		{9CAB9E60-C498-45E2-A2B2-2D3BA30E1A6E}.Debug|Any CPU.Build.0 = Debug|Any CPU
		{9CAB9E60-C498-45E2-A2B2-2D3BA30E1A6E}.Release|Any CPU.ActiveCfg = Release|Any CPU
		{9CAB9E60-C498-45E2-A2B2-2D3BA30E1A6E}.Release|Any CPU.Build.0 = Release|Any CPU
	EndGlobalSection
	GlobalSection(SolutionProperties) = preSolution
		HideSolutionNode = FALSE
	EndGlobalSection
	GlobalSection(ExtensibilityGlobals) = postSolution
		SolutionGuid = {6CF799C5-94C5-4DE0-843A-F82C245E4345}
	EndGlobalSection
EndGlobal
